
Microsoft Visual Studio Solution File, Format Version 12.00
# Visual Studio Version 16
VisualStudioVersion = 16.0.30204.135
MinimumVisualStudioVersion = 10.0.40219.1
Project("{9A19103F-16F7-4668-BE54-9A1E7A4F7556}") = "BlazorServer", "BlazorServer\BlazorServer.csproj", "{64FA7DE9-105C-4CFE-A94A-FDD70A8E231E}"
EndProject
Project("{9A19103F-16F7-4668-BE54-9A1E7A4F7556}") = "BlazorWebAssembly", "BlazorWebAssembly\BlazorWebAssembly.csproj", "{607D763F-780F-4A24-837D-5D43FE3F68B4}"
EndProject
Global
	GlobalSection(SolutionConfigurationPlatforms) = preSolution
		Debug|Any CPU = Debug|Any CPU
		Release|Any CPU = Release|Any CPU
	EndGlobalSection
	GlobalSection(ProjectConfigurationPlatforms) = postSolution
		{64FA7DE9-105C-4CFE-A94A-FDD70A8E231E}.Debug|Any CPU.ActiveCfg = Debug|Any CPU
		{64FA7DE9-105C-4CFE-A94A-FDD70A8E231E}.Debug|Any CPU.Build.0 = Debug|Any CPU
		{64FA7DE9-105C-4CFE-A94A-FDD70A8E231E}.Release|Any CPU.ActiveCfg = Release|Any CPU
		{64FA7DE9-105C-4CFE-A94A-FDD70A8E231E}.Release|Any CPU.Build.0 = Release|Any CPU
		{607D763F-780F-4A24-837D-5D43FE3F68B4}.Debug|Any CPU.ActiveCfg = Debug|Any CPU
		{607D763F-780F-4A24-837D-5D43FE3F68B4}.Debug|Any CPU.Build.0 = Debug|Any CPU
		{607D763F-780F-4A24-837D-5D43FE3F68B4}.Release|Any CPU.ActiveCfg = Release|Any CPU
		{607D763F-780F-4A24-837D-5D43FE3F68B4}.Release|Any CPU.Build.0 = Release|Any CPU
	EndGlobalSection
	GlobalSection(SolutionProperties) = preSolution
		HideSolutionNode = FALSE
	EndGlobalSection
	GlobalSection(ExtensibilityGlobals) = postSolution
		SolutionGuid = {DE1187CE-CB64-4566-A698-A91739EE5308}
	EndGlobalSection
EndGlobal
